// !$*UTF8*$!
{
	archiveVersion = 1;
	classes = {
	};
	objectVersion = 56;
	objects = {

/* Begin PBXBuildFile section */
		D606CF862C16F74000CD44D9 /* PetScanApp.swift in Sources */ = {isa = PBXBuildFile; fileRef = D606CF852C16F74000CD44D9 /* PetScanApp.swift */; };
		D606CF882C16F74000CD44D9 /* ContentView.swift in Sources */ = {isa = PBXBuildFile; fileRef = D606CF872C16F74000CD44D9 /* ContentView.swift */; };
		D606CF8A2C16F74100CD44D9 /* Assets.xcassets in Resources */ = {isa = PBXBuildFile; fileRef = D606CF892C16F74100CD44D9 /* Assets.xcassets */; };
		D606CF8D2C16F74100CD44D9 /* Preview Assets.xcassets in Resources */ = {isa = PBXBuildFile; fileRef = D606CF8C2C16F74100CD44D9 /* Preview Assets.xcassets */; };
		D615D37D2C244B59007039EE /* FirebaseAuth in Frameworks */ = {isa = PBXBuildFile; productRef = D615D37C2C244B59007039EE /* FirebaseAuth */; };
		D615D37F2C244B77007039EE /* FirebaseFunctions in Frameworks */ = {isa = PBXBuildFile; productRef = D615D37E2C244B77007039EE /* FirebaseFunctions */; };
		D615D3812C244B7D007039EE /* FirebaseMessaging in Frameworks */ = {isa = PBXBuildFile; productRef = D615D3802C244B7D007039EE /* FirebaseMessaging */; };
		D615D3832C252724007039EE /* GoogleService-Info.plist in Resources */ = {isa = PBXBuildFile; fileRef = D615D3822C252724007039EE /* GoogleService-Info.plist */; };
		D615D3862C257244007039EE /* UserAuthViewModel.swift in Sources */ = {isa = PBXBuildFile; fileRef = D615D3852C257244007039EE /* UserAuthViewModel.swift */; };
		D615D3882C2587B3007039EE /* FirebaseFirestore in Frameworks */ = {isa = PBXBuildFile; productRef = D615D3872C2587B3007039EE /* FirebaseFirestore */; };
		D615D38A2C259625007039EE /* FirestoreViewModel.swift in Sources */ = {isa = PBXBuildFile; fileRef = D615D3892C259625007039EE /* FirestoreViewModel.swift */; };
		D615D38D2C2C0D85007039EE /* UsersPet.swift in Sources */ = {isa = PBXBuildFile; fileRef = D615D38C2C2C0D85007039EE /* UsersPet.swift */; };
		D615D38F2C2C0E07007039EE /* PetInfo.swift in Sources */ = {isa = PBXBuildFile; fileRef = D615D38E2C2C0E07007039EE /* PetInfo.swift */; };
		D615D3912C2C1FF9007039EE /* FirebaseFirestoreSwift in Frameworks */ = {isa = PBXBuildFile; productRef = D615D3902C2C1FF9007039EE /* FirebaseFirestoreSwift */; };
		D615D3952C3016F2007039EE /* FirebaseStorage in Frameworks */ = {isa = PBXBuildFile; productRef = D615D3942C3016F2007039EE /* FirebaseStorage */; };
		D618EA262C36EDF0006395C9 /* DetectPetScanDog.swift in Sources */ = {isa = PBXBuildFile; fileRef = D618EA252C36EDF0006395C9 /* DetectPetScanDog.swift */; };
		D675F3D02C38EB5F00DA3350 /* PetScanDogAugmentation.mlmodel in Sources */ = {isa = PBXBuildFile; fileRef = D675F3CF2C38EB5F00DA3350 /* PetScanDogAugmentation.mlmodel */; };
		D6DBAB8C2C2435A2005F854E /* .gitattributes in Resources */ = {isa = PBXBuildFile; fileRef = D6DBAB8B2C2435A2005F854E /* .gitattributes */; };
		F72370B22C1B1050002199B1 /* SelectPetView.swift in Sources */ = {isa = PBXBuildFile; fileRef = F72370B12C1B1050002199B1 /* SelectPetView.swift */; };
		F776208D2C36AC1D0094024D /* DiseaseOutcomeView.swift in Sources */ = {isa = PBXBuildFile; fileRef = F776208C2C36AC1D0094024D /* DiseaseOutcomeView.swift */; };
		F776208F2C36BCD00094024D /* HospitalMapView.swift in Sources */ = {isa = PBXBuildFile; fileRef = F776208E2C36BCD00094024D /* HospitalMapView.swift */; };
		F77620912C36C9650094024D /* QuestionsView.swift in Sources */ = {isa = PBXBuildFile; fileRef = F77620902C36C9650094024D /* QuestionsView.swift */; };
		F77620932C36DFED0094024D /* HealthCheckRecordView.swift in Sources */ = {isa = PBXBuildFile; fileRef = F77620922C36DFED0094024D /* HealthCheckRecordView.swift */; };
		F77620952C36E7760094024D /* PetList.swift in Sources */ = {isa = PBXBuildFile; fileRef = F77620942C36E7760094024D /* PetList.swift */; };
		F77620972C36F8BE0094024D /* MedicialHistroyView.swift in Sources */ = {isa = PBXBuildFile; fileRef = F77620962C36F8BE0094024D /* MedicialHistroyView.swift */; };
		F77620992C37A1770094024D /* DrinkRecordView.swift in Sources */ = {isa = PBXBuildFile; fileRef = F77620982C37A1770094024D /* DrinkRecordView.swift */; };
		F7A7F12E2C369EC1007575D6 /* AskSimpleQuestionsView.swift in Sources */ = {isa = PBXBuildFile; fileRef = F7A7F12D2C369EC1007575D6 /* AskSimpleQuestionsView.swift */; };
		F7ED45BE2C22F10D0096115B /* HomeView.swift in Sources */ = {isa = PBXBuildFile; fileRef = F7ED45BD2C22F10D0096115B /* HomeView.swift */; };
		F7F5DBEB2C25448C001294A3 /* FoodAndDrinkView.swift in Sources */ = {isa = PBXBuildFile; fileRef = F7F5DBEA2C25448C001294A3 /* FoodAndDrinkView.swift */; };
		F7F5DBEF2C3545CE001294A3 /* TabBarView.swift in Sources */ = {isa = PBXBuildFile; fileRef = F7F5DBEE2C3545CE001294A3 /* TabBarView.swift */; };
		F7F5DBF72C3649C7001294A3 /* UpdatePictureView.swift in Sources */ = {isa = PBXBuildFile; fileRef = F7F5DBF62C3649C7001294A3 /* UpdatePictureView.swift */; };
/* End PBXBuildFile section */

/* Begin PBXFileReference section */
		D606CF822C16F74000CD44D9 /* PetScan.app */ = {isa = PBXFileReference; explicitFileType = wrapper.application; includeInIndex = 0; path = PetScan.app; sourceTree = BUILT_PRODUCTS_DIR; };
		D606CF852C16F74000CD44D9 /* PetScanApp.swift */ = {isa = PBXFileReference; lastKnownFileType = sourcecode.swift; path = PetScanApp.swift; sourceTree = "<group>"; };
		D606CF872C16F74000CD44D9 /* ContentView.swift */ = {isa = PBXFileReference; lastKnownFileType = sourcecode.swift; path = ContentView.swift; sourceTree = "<group>"; };
		D606CF892C16F74100CD44D9 /* Assets.xcassets */ = {isa = PBXFileReference; lastKnownFileType = folder.assetcatalog; path = Assets.xcassets; sourceTree = "<group>"; };
		D606CF8C2C16F74100CD44D9 /* Preview Assets.xcassets */ = {isa = PBXFileReference; lastKnownFileType = folder.assetcatalog; path = "Preview Assets.xcassets"; sourceTree = "<group>"; };
		D615D3822C252724007039EE /* GoogleService-Info.plist */ = {isa = PBXFileReference; fileEncoding = 4; lastKnownFileType = text.plist.xml; path = "GoogleService-Info.plist"; sourceTree = "<group>"; };
		D615D3852C257244007039EE /* UserAuthViewModel.swift */ = {isa = PBXFileReference; lastKnownFileType = sourcecode.swift; path = UserAuthViewModel.swift; sourceTree = "<group>"; };
		D615D3892C259625007039EE /* FirestoreViewModel.swift */ = {isa = PBXFileReference; lastKnownFileType = sourcecode.swift; path = FirestoreViewModel.swift; sourceTree = "<group>"; };
		D615D38C2C2C0D85007039EE /* UsersPet.swift */ = {isa = PBXFileReference; lastKnownFileType = sourcecode.swift; path = UsersPet.swift; sourceTree = "<group>"; };
		D615D38E2C2C0E07007039EE /* PetInfo.swift */ = {isa = PBXFileReference; lastKnownFileType = sourcecode.swift; path = PetInfo.swift; sourceTree = "<group>"; };
		D618EA252C36EDF0006395C9 /* DetectPetScanDog.swift */ = {isa = PBXFileReference; lastKnownFileType = sourcecode.swift; path = DetectPetScanDog.swift; sourceTree = "<group>"; };
		D675F3CF2C38EB5F00DA3350 /* PetScanDogAugmentation.mlmodel */ = {isa = PBXFileReference; lastKnownFileType = file.mlmodel; path = PetScanDogAugmentation.mlmodel; sourceTree = "<group>"; };
		D6DBAB8B2C2435A2005F854E /* .gitattributes */ = {isa = PBXFileReference; lastKnownFileType = text; path = .gitattributes; sourceTree = "<group>"; };
		F72370B12C1B1050002199B1 /* SelectPetView.swift */ = {isa = PBXFileReference; lastKnownFileType = sourcecode.swift; path = SelectPetView.swift; sourceTree = "<group>"; };
		F776208C2C36AC1D0094024D /* DiseaseOutcomeView.swift */ = {isa = PBXFileReference; lastKnownFileType = sourcecode.swift; path = DiseaseOutcomeView.swift; sourceTree = "<group>"; };
		F776208E2C36BCD00094024D /* HospitalMapView.swift */ = {isa = PBXFileReference; lastKnownFileType = sourcecode.swift; path = HospitalMapView.swift; sourceTree = "<group>"; };
		F77620902C36C9650094024D /* QuestionsView.swift */ = {isa = PBXFileReference; lastKnownFileType = sourcecode.swift; path = QuestionsView.swift; sourceTree = "<group>"; };
		F77620922C36DFED0094024D /* HealthCheckRecordView.swift */ = {isa = PBXFileReference; lastKnownFileType = sourcecode.swift; path = HealthCheckRecordView.swift; sourceTree = "<group>"; };
		F77620942C36E7760094024D /* PetList.swift */ = {isa = PBXFileReference; lastKnownFileType = sourcecode.swift; path = PetList.swift; sourceTree = "<group>"; };
		F77620962C36F8BE0094024D /* MedicialHistroyView.swift */ = {isa = PBXFileReference; lastKnownFileType = sourcecode.swift; path = MedicialHistroyView.swift; sourceTree = "<group>"; };
		F77620982C37A1770094024D /* DrinkRecordView.swift */ = {isa = PBXFileReference; lastKnownFileType = sourcecode.swift; path = DrinkRecordView.swift; sourceTree = "<group>"; };
		F7A7F12D2C369EC1007575D6 /* AskSimpleQuestionsView.swift */ = {isa = PBXFileReference; lastKnownFileType = sourcecode.swift; path = AskSimpleQuestionsView.swift; sourceTree = "<group>"; };
		F7ED45BD2C22F10D0096115B /* HomeView.swift */ = {isa = PBXFileReference; lastKnownFileType = sourcecode.swift; path = HomeView.swift; sourceTree = "<group>"; };
		F7F5DBEA2C25448C001294A3 /* FoodAndDrinkView.swift */ = {isa = PBXFileReference; lastKnownFileType = sourcecode.swift; path = FoodAndDrinkView.swift; sourceTree = "<group>"; };
		F7F5DBEE2C3545CE001294A3 /* TabBarView.swift */ = {isa = PBXFileReference; lastKnownFileType = sourcecode.swift; path = TabBarView.swift; sourceTree = "<group>"; };
		F7F5DBF62C3649C7001294A3 /* UpdatePictureView.swift */ = {isa = PBXFileReference; lastKnownFileType = sourcecode.swift; path = UpdatePictureView.swift; sourceTree = "<group>"; };
/* End PBXFileReference section */

/* Begin PBXFrameworksBuildPhase section */
		D606CF7F2C16F74000CD44D9 /* Frameworks */ = {
			isa = PBXFrameworksBuildPhase;
			buildActionMask = 2147483647;
			files = (
				D615D3912C2C1FF9007039EE /* FirebaseFirestoreSwift in Frameworks */,
				D615D3812C244B7D007039EE /* FirebaseMessaging in Frameworks */,
				D615D3882C2587B3007039EE /* FirebaseFirestore in Frameworks */,
				D615D37D2C244B59007039EE /* FirebaseAuth in Frameworks */,
				D615D37F2C244B77007039EE /* FirebaseFunctions in Frameworks */,
				D615D3952C3016F2007039EE /* FirebaseStorage in Frameworks */,
			);
			runOnlyForDeploymentPostprocessing = 0;
		};
/* End PBXFrameworksBuildPhase section */

/* Begin PBXGroup section */
		D606CF792C16F74000CD44D9 = {
			isa = PBXGroup;
			children = (
				D606CF842C16F74000CD44D9 /* PetScan */,
				D606CF832C16F74000CD44D9 /* Products */,
				D615D37B2C244B59007039EE /* Frameworks */,
			);
			sourceTree = "<group>";
		};
		D606CF832C16F74000CD44D9 /* Products */ = {
			isa = PBXGroup;
			children = (
				D606CF822C16F74000CD44D9 /* PetScan.app */,
			);
			name = Products;
			sourceTree = "<group>";
		};
		D606CF842C16F74000CD44D9 /* PetScan */ = {
			isa = PBXGroup;
			children = (
				D615D38B2C2C0D5C007039EE /* Model */,
				D615D3842C257218007039EE /* ViewModel */,
				D606CF852C16F74000CD44D9 /* PetScanApp.swift */,
				D6DBAB8B2C2435A2005F854E /* .gitattributes */,
				D606CF872C16F74000CD44D9 /* ContentView.swift */,
				F7F5DBEE2C3545CE001294A3 /* TabBarView.swift */,
				F77620902C36C9650094024D /* QuestionsView.swift */,
				F7F5DBEA2C25448C001294A3 /* FoodAndDrinkView.swift */,
				F7A7F12D2C369EC1007575D6 /* AskSimpleQuestionsView.swift */,
				F77620962C36F8BE0094024D /* MedicialHistroyView.swift */,
				F77620982C37A1770094024D /* DrinkRecordView.swift */,
				F7F5DBF62C3649C7001294A3 /* UpdatePictureView.swift */,
				F776208C2C36AC1D0094024D /* DiseaseOutcomeView.swift */,
				F77620922C36DFED0094024D /* HealthCheckRecordView.swift */,
				D618EA252C36EDF0006395C9 /* DetectPetScanDog.swift */,
				F776208E2C36BCD00094024D /* HospitalMapView.swift */,
				F7ED45BD2C22F10D0096115B /* HomeView.swift */,
				F77620942C36E7760094024D /* PetList.swift */,
				F72370B12C1B1050002199B1 /* SelectPetView.swift */,
				D675F3CF2C38EB5F00DA3350 /* PetScanDogAugmentation.mlmodel */,
				D606CF892C16F74100CD44D9 /* Assets.xcassets */,
				D615D3822C252724007039EE /* GoogleService-Info.plist */,
				D606CF8B2C16F74100CD44D9 /* Preview Content */,
			);
			path = PetScan;
			sourceTree = "<group>";
		};
		D606CF8B2C16F74100CD44D9 /* Preview Content */ = {
			isa = PBXGroup;
			children = (
				D606CF8C2C16F74100CD44D9 /* Preview Assets.xcassets */,
			);
			path = "Preview Content";
			sourceTree = "<group>";
		};
		D615D37B2C244B59007039EE /* Frameworks */ = {
			isa = PBXGroup;
			children = (
			);
			name = Frameworks;
			sourceTree = "<group>";
		};
		D615D3842C257218007039EE /* ViewModel */ = {
			isa = PBXGroup;
			children = (
				D615D3852C257244007039EE /* UserAuthViewModel.swift */,
				D615D3892C259625007039EE /* FirestoreViewModel.swift */,
			);
			path = ViewModel;
			sourceTree = "<group>";
		};
		D615D38B2C2C0D5C007039EE /* Model */ = {
			isa = PBXGroup;
			children = (
				D615D38C2C2C0D85007039EE /* UsersPet.swift */,
				D615D38E2C2C0E07007039EE /* PetInfo.swift */,
			);
			path = Model;
			sourceTree = "<group>";
		};
/* End PBXGroup section */

/* Begin PBXNativeTarget section */
		D606CF812C16F74000CD44D9 /* PetScan */ = {
			isa = PBXNativeTarget;
			buildConfigurationList = D606CF902C16F74100CD44D9 /* Build configuration list for PBXNativeTarget "PetScan" */;
			buildPhases = (
				D606CF7E2C16F74000CD44D9 /* Sources */,
				D606CF7F2C16F74000CD44D9 /* Frameworks */,
				D606CF802C16F74000CD44D9 /* Resources */,
			);
			buildRules = (
			);
			dependencies = (
			);
			name = PetScan;
			packageProductDependencies = (
				D615D37C2C244B59007039EE /* FirebaseAuth */,
				D615D37E2C244B77007039EE /* FirebaseFunctions */,
				D615D3802C244B7D007039EE /* FirebaseMessaging */,
				D615D3872C2587B3007039EE /* FirebaseFirestore */,
				D615D3902C2C1FF9007039EE /* FirebaseFirestoreSwift */,
				D615D3942C3016F2007039EE /* FirebaseStorage */,
			);
			productName = PetScan;
			productReference = D606CF822C16F74000CD44D9 /* PetScan.app */;
			productType = "com.apple.product-type.application";
		};
/* End PBXNativeTarget section */

/* Begin PBXProject section */
		D606CF7A2C16F74000CD44D9 /* Project object */ = {
			isa = PBXProject;
			attributes = {
				BuildIndependentTargetsInParallel = 1;
				LastSwiftUpdateCheck = 1530;
				LastUpgradeCheck = 1530;
				TargetAttributes = {
					D606CF812C16F74000CD44D9 = {
						CreatedOnToolsVersion = 15.3;
					};
				};
			};
			buildConfigurationList = D606CF7D2C16F74000CD44D9 /* Build configuration list for PBXProject "PetScan" */;
			compatibilityVersion = "Xcode 14.0";
			developmentRegion = en;
			hasScannedForEncodings = 0;
			knownRegions = (
				en,
				Base,
			);
			mainGroup = D606CF792C16F74000CD44D9;
			packageReferences = (
				D6DBAB8F2C244285005F854E /* XCRemoteSwiftPackageReference "firebase-ios-sdk" */,
			);
			productRefGroup = D606CF832C16F74000CD44D9 /* Products */;
			projectDirPath = "";
			projectRoot = "";
			targets = (
				D606CF812C16F74000CD44D9 /* PetScan */,
			);
		};
/* End PBXProject section */

/* Begin PBXResourcesBuildPhase section */
		D606CF802C16F74000CD44D9 /* Resources */ = {
			isa = PBXResourcesBuildPhase;
			buildActionMask = 2147483647;
			files = (
				D606CF8D2C16F74100CD44D9 /* Preview Assets.xcassets in Resources */,
				D615D3832C252724007039EE /* GoogleService-Info.plist in Resources */,
				D6DBAB8C2C2435A2005F854E /* .gitattributes in Resources */,
				D606CF8A2C16F74100CD44D9 /* Assets.xcassets in Resources */,
			);
			runOnlyForDeploymentPostprocessing = 0;
		};
/* End PBXResourcesBuildPhase section */

/* Begin PBXSourcesBuildPhase section */
		D606CF7E2C16F74000CD44D9 /* Sources */ = {
			isa = PBXSourcesBuildPhase;
			buildActionMask = 2147483647;
			files = (
				F77620932C36DFED0094024D /* HealthCheckRecordView.swift in Sources */,
				F77620972C36F8BE0094024D /* MedicialHistroyView.swift in Sources */,
				F77620952C36E7760094024D /* PetList.swift in Sources */,
				D615D3862C257244007039EE /* UserAuthViewModel.swift in Sources */,
				D615D38F2C2C0E07007039EE /* PetInfo.swift in Sources */,
				D606CF882C16F74000CD44D9 /* ContentView.swift in Sources */,
				D615D38A2C259625007039EE /* FirestoreViewModel.swift in Sources */,
				F7A7F12E2C369EC1007575D6 /* AskSimpleQuestionsView.swift in Sources */,
				F72370B22C1B1050002199B1 /* SelectPetView.swift in Sources */,
				F77620912C36C9650094024D /* QuestionsView.swift in Sources */,
				F776208D2C36AC1D0094024D /* DiseaseOutcomeView.swift in Sources */,
				D675F3D02C38EB5F00DA3350 /* PetScanDogAugmentation.mlmodel in Sources */,
				F7ED45BE2C22F10D0096115B /* HomeView.swift in Sources */,
				D606CF862C16F74000CD44D9 /* PetScanApp.swift in Sources */,
				D618EA262C36EDF0006395C9 /* DetectPetScanDog.swift in Sources */,
				D615D38D2C2C0D85007039EE /* UsersPet.swift in Sources */,
				F7F5DBEF2C3545CE001294A3 /* TabBarView.swift in Sources */,
				F776208F2C36BCD00094024D /* HospitalMapView.swift in Sources */,
				F7F5DBF72C3649C7001294A3 /* UpdatePictureView.swift in Sources */,
				F77620992C37A1770094024D /* DrinkRecordView.swift in Sources */,
				F7F5DBEB2C25448C001294A3 /* FoodAndDrinkView.swift in Sources */,
			);
			runOnlyForDeploymentPostprocessing = 0;
		};
/* End PBXSourcesBuildPhase section */

/* Begin XCBuildConfiguration section */
		D606CF8E2C16F74100CD44D9 /* Debug */ = {
			isa = XCBuildConfiguration;
			buildSettings = {
				ALWAYS_SEARCH_USER_PATHS = NO;
				ASSETCATALOG_COMPILER_GENERATE_SWIFT_ASSET_SYMBOL_EXTENSIONS = YES;
				CLANG_ANALYZER_NONNULL = YES;
				CLANG_ANALYZER_NUMBER_OBJECT_CONVERSION = YES_AGGRESSIVE;
				CLANG_CXX_LANGUAGE_STANDARD = "gnu++20";
				CLANG_ENABLE_MODULES = YES;
				CLANG_ENABLE_OBJC_ARC = YES;
				CLANG_ENABLE_OBJC_WEAK = YES;
				CLANG_WARN_BLOCK_CAPTURE_AUTORELEASING = YES;
				CLANG_WARN_BOOL_CONVERSION = YES;
				CLANG_WARN_COMMA = YES;
				CLANG_WARN_CONSTANT_CONVERSION = YES;
				CLANG_WARN_DEPRECATED_OBJC_IMPLEMENTATIONS = YES;
				CLANG_WARN_DIRECT_OBJC_ISA_USAGE = YES_ERROR;
				CLANG_WARN_DOCUMENTATION_COMMENTS = YES;
				CLANG_WARN_EMPTY_BODY = YES;
				CLANG_WARN_ENUM_CONVERSION = YES;
				CLANG_WARN_INFINITE_RECURSION = YES;
				CLANG_WARN_INT_CONVERSION = YES;
				CLANG_WARN_NON_LITERAL_NULL_CONVERSION = YES;
				CLANG_WARN_OBJC_IMPLICIT_RETAIN_SELF = YES;
				CLANG_WARN_OBJC_LITERAL_CONVERSION = YES;
				CLANG_WARN_OBJC_ROOT_CLASS = YES_ERROR;
				CLANG_WARN_QUOTED_INCLUDE_IN_FRAMEWORK_HEADER = YES;
				CLANG_WARN_RANGE_LOOP_ANALYSIS = YES;
				CLANG_WARN_STRICT_PROTOTYPES = YES;
				CLANG_WARN_SUSPICIOUS_MOVE = YES;
				CLANG_WARN_UNGUARDED_AVAILABILITY = YES_AGGRESSIVE;
				CLANG_WARN_UNREACHABLE_CODE = YES;
				CLANG_WARN__DUPLICATE_METHOD_MATCH = YES;
				COPY_PHASE_STRIP = NO;
				DEBUG_INFORMATION_FORMAT = dwarf;
				ENABLE_STRICT_OBJC_MSGSEND = YES;
				ENABLE_TESTABILITY = YES;
				ENABLE_USER_SCRIPT_SANDBOXING = YES;
				GCC_C_LANGUAGE_STANDARD = gnu17;
				GCC_DYNAMIC_NO_PIC = NO;
				GCC_NO_COMMON_BLOCKS = YES;
				GCC_OPTIMIZATION_LEVEL = 0;
				GCC_PREPROCESSOR_DEFINITIONS = (
					"DEBUG=1",
					"$(inherited)",
				);
				GCC_WARN_64_TO_32_BIT_CONVERSION = YES;
				GCC_WARN_ABOUT_RETURN_TYPE = YES_ERROR;
				GCC_WARN_UNDECLARED_SELECTOR = YES;
				GCC_WARN_UNINITIALIZED_AUTOS = YES_AGGRESSIVE;
				GCC_WARN_UNUSED_FUNCTION = YES;
				GCC_WARN_UNUSED_VARIABLE = YES;
				IPHONEOS_DEPLOYMENT_TARGET = 17.4;
				LOCALIZATION_PREFERS_STRING_CATALOGS = YES;
				MTL_ENABLE_DEBUG_INFO = INCLUDE_SOURCE;
				MTL_FAST_MATH = YES;
				ONLY_ACTIVE_ARCH = YES;
				SDKROOT = iphoneos;
				SWIFT_ACTIVE_COMPILATION_CONDITIONS = "DEBUG $(inherited)";
				SWIFT_OPTIMIZATION_LEVEL = "-Onone";
			};
			name = Debug;
		};
		D606CF8F2C16F74100CD44D9 /* Release */ = {
			isa = XCBuildConfiguration;
			buildSettings = {
				ALWAYS_SEARCH_USER_PATHS = NO;
				ASSETCATALOG_COMPILER_GENERATE_SWIFT_ASSET_SYMBOL_EXTENSIONS = YES;
				CLANG_ANALYZER_NONNULL = YES;
				CLANG_ANALYZER_NUMBER_OBJECT_CONVERSION = YES_AGGRESSIVE;
				CLANG_CXX_LANGUAGE_STANDARD = "gnu++20";
				CLANG_ENABLE_MODULES = YES;
				CLANG_ENABLE_OBJC_ARC = YES;
				CLANG_ENABLE_OBJC_WEAK = YES;
				CLANG_WARN_BLOCK_CAPTURE_AUTORELEASING = YES;
				CLANG_WARN_BOOL_CONVERSION = YES;
				CLANG_WARN_COMMA = YES;
				CLANG_WARN_CONSTANT_CONVERSION = YES;
				CLANG_WARN_DEPRECATED_OBJC_IMPLEMENTATIONS = YES;
				CLANG_WARN_DIRECT_OBJC_ISA_USAGE = YES_ERROR;
				CLANG_WARN_DOCUMENTATION_COMMENTS = YES;
				CLANG_WARN_EMPTY_BODY = YES;
				CLANG_WARN_ENUM_CONVERSION = YES;
				CLANG_WARN_INFINITE_RECURSION = YES;
				CLANG_WARN_INT_CONVERSION = YES;
				CLANG_WARN_NON_LITERAL_NULL_CONVERSION = YES;
				CLANG_WARN_OBJC_IMPLICIT_RETAIN_SELF = YES;
				CLANG_WARN_OBJC_LITERAL_CONVERSION = YES;
				CLANG_WARN_OBJC_ROOT_CLASS = YES_ERROR;
				CLANG_WARN_QUOTED_INCLUDE_IN_FRAMEWORK_HEADER = YES;
				CLANG_WARN_RANGE_LOOP_ANALYSIS = YES;
				CLANG_WARN_STRICT_PROTOTYPES = YES;
				CLANG_WARN_SUSPICIOUS_MOVE = YES;
				CLANG_WARN_UNGUARDED_AVAILABILITY = YES_AGGRESSIVE;
				CLANG_WARN_UNREACHABLE_CODE = YES;
				CLANG_WARN__DUPLICATE_METHOD_MATCH = YES;
				COPY_PHASE_STRIP = NO;
				DEBUG_INFORMATION_FORMAT = "dwarf-with-dsym";
				ENABLE_NS_ASSERTIONS = NO;
				ENABLE_STRICT_OBJC_MSGSEND = YES;
				ENABLE_USER_SCRIPT_SANDBOXING = YES;
				GCC_C_LANGUAGE_STANDARD = gnu17;
				GCC_NO_COMMON_BLOCKS = YES;
				GCC_WARN_64_TO_32_BIT_CONVERSION = YES;
				GCC_WARN_ABOUT_RETURN_TYPE = YES_ERROR;
				GCC_WARN_UNDECLARED_SELECTOR = YES;
				GCC_WARN_UNINITIALIZED_AUTOS = YES_AGGRESSIVE;
				GCC_WARN_UNUSED_FUNCTION = YES;
				GCC_WARN_UNUSED_VARIABLE = YES;
				IPHONEOS_DEPLOYMENT_TARGET = 17.4;
				LOCALIZATION_PREFERS_STRING_CATALOGS = YES;
				MTL_ENABLE_DEBUG_INFO = NO;
				MTL_FAST_MATH = YES;
				SDKROOT = iphoneos;
				SWIFT_COMPILATION_MODE = wholemodule;
				VALIDATE_PRODUCT = YES;
			};
			name = Release;
		};
		D606CF912C16F74100CD44D9 /* Debug */ = {
			isa = XCBuildConfiguration;
			buildSettings = {
				ASSETCATALOG_COMPILER_APPICON_NAME = AppIcon;
				ASSETCATALOG_COMPILER_GLOBAL_ACCENT_COLOR_NAME = AccentColor;
				ASSETCATALOG_COMPILER_INCLUDE_ALL_APPICON_ASSETS = NO;
				CODE_SIGN_STYLE = Automatic;
				CURRENT_PROJECT_VERSION = 1;
				DEVELOPMENT_ASSET_PATHS = "\"PetScan/Preview Content\"";
				DEVELOPMENT_TEAM = 3WMZ8937S4;
				ENABLE_PREVIEWS = YES;
				GENERATE_INFOPLIST_FILE = YES;
				INFOPLIST_KEY_LSApplicationCategoryType = "public.app-category.medical";
				INFOPLIST_KEY_UIApplicationSceneManifest_Generation = YES;
				INFOPLIST_KEY_UIApplicationSupportsIndirectInputEvents = YES;
				INFOPLIST_KEY_UILaunchScreen_Generation = YES;
				INFOPLIST_KEY_UISupportedInterfaceOrientations_iPad = "UIInterfaceOrientationPortrait UIInterfaceOrientationPortraitUpsideDown UIInterfaceOrientationLandscapeLeft UIInterfaceOrientationLandscapeRight";
				INFOPLIST_KEY_UISupportedInterfaceOrientations_iPhone = "UIInterfaceOrientationPortrait UIInterfaceOrientationLandscapeLeft UIInterfaceOrientationLandscapeRight";
				IPHONEOS_DEPLOYMENT_TARGET = 17.5;
				LD_RUNPATH_SEARCH_PATHS = (
					"$(inherited)",
					"@executable_path/Frameworks",
				);
				MARKETING_VERSION = 1.0;
				PRODUCT_BUNDLE_IDENTIFIER = MAIC2024.PetScan;
				PRODUCT_NAME = "$(TARGET_NAME)";
				SWIFT_EMIT_LOC_STRINGS = YES;
				SWIFT_VERSION = 5.0;
				TARGETED_DEVICE_FAMILY = "1,2";
			};
			name = Debug;
		};
		D606CF922C16F74100CD44D9 /* Release */ = {
			isa = XCBuildConfiguration;
			buildSettings = {
				ASSETCATALOG_COMPILER_APPICON_NAME = AppIcon;
				ASSETCATALOG_COMPILER_GLOBAL_ACCENT_COLOR_NAME = AccentColor;
				ASSETCATALOG_COMPILER_INCLUDE_ALL_APPICON_ASSETS = NO;
				CODE_SIGN_STYLE = Automatic;
				CURRENT_PROJECT_VERSION = 1;
				DEVELOPMENT_ASSET_PATHS = "\"PetScan/Preview Content\"";
				DEVELOPMENT_TEAM = 3WMZ8937S4;
				ENABLE_PREVIEWS = YES;
				GENERATE_INFOPLIST_FILE = YES;
				INFOPLIST_KEY_LSApplicationCategoryType = "public.app-category.medical";
				INFOPLIST_KEY_UIApplicationSceneManifest_Generation = YES;
				INFOPLIST_KEY_UIApplicationSupportsIndirectInputEvents = YES;
				INFOPLIST_KEY_UILaunchScreen_Generation = YES;
				INFOPLIST_KEY_UISupportedInterfaceOrientations_iPad = "UIInterfaceOrientationPortrait UIInterfaceOrientationPortraitUpsideDown UIInterfaceOrientationLandscapeLeft UIInterfaceOrientationLandscapeRight";
				INFOPLIST_KEY_UISupportedInterfaceOrientations_iPhone = "UIInterfaceOrientationPortrait UIInterfaceOrientationLandscapeLeft UIInterfaceOrientationLandscapeRight";
				IPHONEOS_DEPLOYMENT_TARGET = 17.5;
				LD_RUNPATH_SEARCH_PATHS = (
					"$(inherited)",
					"@executable_path/Frameworks",
				);
				MARKETING_VERSION = 1.0;
				PRODUCT_BUNDLE_IDENTIFIER = MAIC2024.PetScan;
				PRODUCT_NAME = "$(TARGET_NAME)";
				SWIFT_EMIT_LOC_STRINGS = YES;
				SWIFT_VERSION = 5.0;
				TARGETED_DEVICE_FAMILY = "1,2";
			};
			name = Release;
		};
/* End XCBuildConfiguration section */

/* Begin XCConfigurationList section */
		D606CF7D2C16F74000CD44D9 /* Build configuration list for PBXProject "PetScan" */ = {
			isa = XCConfigurationList;
			buildConfigurations = (
				D606CF8E2C16F74100CD44D9 /* Debug */,
				D606CF8F2C16F74100CD44D9 /* Release */,
			);
			defaultConfigurationIsVisible = 0;
			defaultConfigurationName = Release;
		};
		D606CF902C16F74100CD44D9 /* Build configuration list for PBXNativeTarget "PetScan" */ = {
			isa = XCConfigurationList;
			buildConfigurations = (
				D606CF912C16F74100CD44D9 /* Debug */,
				D606CF922C16F74100CD44D9 /* Release */,
			);
			defaultConfigurationIsVisible = 0;
			defaultConfigurationName = Release;
		};
/* End XCConfigurationList section */

/* Begin XCRemoteSwiftPackageReference section */
		D6DBAB8F2C244285005F854E /* XCRemoteSwiftPackageReference "firebase-ios-sdk" */ = {
			isa = XCRemoteSwiftPackageReference;
			repositoryURL = "https://github.com/firebase/firebase-ios-sdk";
			requirement = {
				kind = upToNextMajorVersion;
				minimumVersion = 10.28.0;
			};
		};
/* End XCRemoteSwiftPackageReference section */

/* Begin XCSwiftPackageProductDependency section */
		D615D37C2C244B59007039EE /* FirebaseAuth */ = {
			isa = XCSwiftPackageProductDependency;
			package = D6DBAB8F2C244285005F854E /* XCRemoteSwiftPackageReference "firebase-ios-sdk" */;
			productName = FirebaseAuth;
		};
		D615D37E2C244B77007039EE /* FirebaseFunctions */ = {
			isa = XCSwiftPackageProductDependency;
			package = D6DBAB8F2C244285005F854E /* XCRemoteSwiftPackageReference "firebase-ios-sdk" */;
			productName = FirebaseFunctions;
		};
		D615D3802C244B7D007039EE /* FirebaseMessaging */ = {
			isa = XCSwiftPackageProductDependency;
			package = D6DBAB8F2C244285005F854E /* XCRemoteSwiftPackageReference "firebase-ios-sdk" */;
			productName = FirebaseMessaging;
		};
		D615D3872C2587B3007039EE /* FirebaseFirestore */ = {
			isa = XCSwiftPackageProductDependency;
			package = D6DBAB8F2C244285005F854E /* XCRemoteSwiftPackageReference "firebase-ios-sdk" */;
			productName = FirebaseFirestore;
		};
		D615D3902C2C1FF9007039EE /* FirebaseFirestoreSwift */ = {
			isa = XCSwiftPackageProductDependency;
			package = D6DBAB8F2C244285005F854E /* XCRemoteSwiftPackageReference "firebase-ios-sdk" */;
			productName = FirebaseFirestoreSwift;
		};
		D615D3942C3016F2007039EE /* FirebaseStorage */ = {
			isa = XCSwiftPackageProductDependency;
			package = D6DBAB8F2C244285005F854E /* XCRemoteSwiftPackageReference "firebase-ios-sdk" */;
			productName = FirebaseStorage;
		};
/* End XCSwiftPackageProductDependency section */
	};
	rootObject = D606CF7A2C16F74000CD44D9 /* Project object */;
}
